# THIS IS AN AUTOGENERATED FILE. DO NOT EDIT THIS FILE DIRECTLY.
# yarn lockfile v1


react-hook-form@^7.28.1:
  version "7.28.1"
  resolved "https://registry.yarnpkg.com/react-hook-form/-/react-hook-form-7.28.1.tgz#95fc37be6c6b9d57212eb7eca055fb36d079b3b7"
  integrity sha512-mgwxvXuvt3FMY/mdnWbPc++Zf1U5xYzkhOaL05mtFMLvXc9MvUhMUlKtUVuO12sOrgT3nPXBgVFawtiJ4ONrgg==
